
Microsoft Visual Studio Solution File, Format Version 12.00
# Visual Studio Version 17
VisualStudioVersion = 17.6.33829.357
MinimumVisualStudioVersion = 10.0.40219.1
Project("{888888A0-9F3D-457C-B088-3A5042F75D52}") = "Hangman", "Hangman\Hangman.pyproj", "{E1BF7162-66EC-4B9E-9833-BFC4CC18DB44}"
EndProject
Global
	GlobalSection(SolutionConfigurationPlatforms) = preSolution
		Debug|Any CPU = Debug|Any CPU
		Release|Any CPU = Release|Any CPU
	EndGlobalSection
	GlobalSection(ProjectConfigurationPlatforms) = postSolution
		{E1BF7162-66EC-4B9E-9833-BFC4CC18DB44}.Debug|Any CPU.ActiveCfg = Debug|Any CPU
		{E1BF7162-66EC-4B9E-9833-BFC4CC18DB44}.Release|Any CPU.ActiveCfg = Release|Any CPU
	EndGlobalSection
	GlobalSection(SolutionProperties) = preSolution
		HideSolutionNode = FALSE
	EndGlobalSection
	GlobalSection(ExtensibilityGlobals) = postSolution
		SolutionGuid = {CD704A76-DE10-4687-9B10-806008830F10}
	EndGlobalSection
EndGlobal
